Microsoft Visual Studio Solution File, Format Version 12.00
# Visual Studio Version 17
VisualStudioVersion = 17.5.2.0
MinimumVisualStudioVersion = 10.0.40219.1
Project("{FAE04EC0-301F-11D3-BF4B-00C04F79EFBC}") = "Activity.Service", "Activity.Service\Activity.Service.csproj", "{AE24F214-AC5D-56D9-ABBE-CB5F3E608B20}"
EndProject
Global
	GlobalSection(SolutionConfigurationPlatforms) = preSolution
		Debug|Any CPU = Debug|Any CPU
		Release|Any CPU = Release|Any CPU
	EndGlobalSection
	GlobalSection(ProjectConfigurationPlatforms) = postSolution
		{AE24F214-AC5D-56D9-ABBE-CB5F3E608B20}.Debug|Any CPU.ActiveCfg = Debug|Any CPU
		{AE24F214-AC5D-56D9-ABBE-CB5F3E608B20}.Debug|Any CPU.Build.0 = Debug|Any CPU
		{AE24F214-AC5D-56D9-ABBE-CB5F3E608B20}.Release|Any CPU.ActiveCfg = Release|Any CPU
		{AE24F214-AC5D-56D9-ABBE-CB5F3E608B20}.Release|Any CPU.Build.0 = Release|Any CPU
	EndGlobalSection
	GlobalSection(SolutionProperties) = preSolution
		HideSolutionNode = FALSE
	EndGlobalSection
	GlobalSection(ExtensibilityGlobals) = postSolution
		SolutionGuid = {CEECCE70-BC8E-44EF-BDA2-679D40D3FC6C}
	EndGlobalSection
EndGlobal
