Microsoft Visual Studio Solution File, Format Version 12.00
# Visual Studio Version 17
VisualStudioVersion = 17.5.2.0
MinimumVisualStudioVersion = 10.0.40219.1
Project("{FAE04EC0-301F-11D3-BF4B-00C04F79EFBC}") = "Activity.Service", "Activity.Service.csproj", "{7D611662-2A08-03A4-922B-9BAD546FB809}"
EndProject
Global
	GlobalSection(SolutionConfigurationPlatforms) = preSolution
		Debug|Any CPU = Debug|Any CPU
		Release|Any CPU = Release|Any CPU
	EndGlobalSection
	GlobalSection(ProjectConfigurationPlatforms) = postSolution
		{7D611662-2A08-03A4-922B-9BAD546FB809}.Debug|Any CPU.ActiveCfg = Debug|Any CPU
		{7D611662-2A08-03A4-922B-9BAD546FB809}.Debug|Any CPU.Build.0 = Debug|Any CPU
		{7D611662-2A08-03A4-922B-9BAD546FB809}.Release|Any CPU.ActiveCfg = Release|Any CPU
		{7D611662-2A08-03A4-922B-9BAD546FB809}.Release|Any CPU.Build.0 = Release|Any CPU
	EndGlobalSection
	GlobalSection(SolutionProperties) = preSolution
		HideSolutionNode = FALSE
	EndGlobalSection
	GlobalSection(ExtensibilityGlobals) = postSolution
		SolutionGuid = {24249084-9DE0-4F10-AD62-6A16DB79C8C1}
	EndGlobalSection
EndGlobal
